Microsoft Visual Studio Solution File, Format Version 10.00
# Visual Studio 2008
Project("{8BC9CEB8-8B4A-11D0-8D11-00A0C91BC942}") = "tango_dll", "tango_dll\tango_dll.vcproj", "{6535FE7D-DC8B-4E01-AAC0-FC9167E10A54}"
EndProject
Project("{8BC9CEB8-8B4A-11D0-8D11-00A0C91BC942}") = "tango_static", "tango_static\tango_static.vcproj", "{1514B691-6515-47BC-BDFB-9BD45C483577}"
EndProject
Global
	GlobalSection(SolutionConfigurationPlatforms) = preSolution
		Debug|Win32 = Debug|Win32
		Release|Win32 = Release|Win32
	EndGlobalSection
	GlobalSection(ProjectConfigurationPlatforms) = postSolution
		{6535FE7D-DC8B-4E01-AAC0-FC9167E10A54}.Debug|Win32.ActiveCfg = Debug|Win32
		{6535FE7D-DC8B-4E01-AAC0-FC9167E10A54}.Debug|Win32.Build.0 = Debug|Win32
		{6535FE7D-DC8B-4E01-AAC0-FC9167E10A54}.Release|Win32.ActiveCfg = Debug|Win32
		{6535FE7D-DC8B-4E01-AAC0-FC9167E10A54}.Release|Win32.Build.0 = Debug|Win32
		{1514B691-6515-47BC-BDFB-9BD45C483577}.Debug|Win32.ActiveCfg = Release|Win32
		{1514B691-6515-47BC-BDFB-9BD45C483577}.Debug|Win32.Build.0 = Release|Win32
		{1514B691-6515-47BC-BDFB-9BD45C483577}.Release|Win32.ActiveCfg = Debug|Win32
		{1514B691-6515-47BC-BDFB-9BD45C483577}.Release|Win32.Build.0 = Debug|Win32
	EndGlobalSection
	GlobalSection(SolutionProperties) = preSolution
		HideSolutionNode = FALSE
	EndGlobalSection
EndGlobal
