
Microsoft Visual Studio Solution File, Format Version 10.00
# Visual Studio 2008
Project("{8BC9CEB8-8B4A-11D0-8D11-00A0C91BC942}") = "Poll", "Poll\Poll.vcproj", "{5CF0AD69-352A-4827-AD4B-DE629E1B4E78}"
EndProject
Project("{8BC9CEB8-8B4A-11D0-8D11-00A0C91BC942}") = "StopPoll", "StopPoll\StopPoll.vcproj", "{E37BBC67-2308-4B63-B961-71519FB9F279}"
EndProject
Project("{8BC9CEB8-8B4A-11D0-8D11-00A0C91BC942}") = "new_devproxy", "new_devproxy\new_devproxy.vcproj", "{C01D8845-2CDF-43E3-BEE8-91896629E064}"
EndProject
Project("{8BC9CEB8-8B4A-11D0-8D11-00A0C91BC942}") = "multiple_new", "multiple_new\multiple_new.vcproj", "{B70EC07A-24E8-44F0-8CE6-49AC2760470F}"
EndProject
Project("{8BC9CEB8-8B4A-11D0-8D11-00A0C91BC942}") = "reconnect", "reconnect\reconnect.vcproj", "{7ECEF870-A73D-4FFA-9248-4E14C528FC81}"
EndProject
Project("{8BC9CEB8-8B4A-11D0-8D11-00A0C91BC942}") = "cmd_inout", "cmd_inout\cmd_inout.vcproj", "{B011952D-D686-4A1B-92A9-F457B8444154}"
EndProject
Project("{8BC9CEB8-8B4A-11D0-8D11-00A0C91BC942}") = "read_attr", "read_attr\read_attr.vcproj", "{CE6EC813-919B-4257-A4B6-EC94A1FDABCD}"
EndProject
Project("{8BC9CEB8-8B4A-11D0-8D11-00A0C91BC942}") = "cmd_types", "cmd_types\cmd_types.vcproj", "{290BA60F-09D9-4BCA-8403-94EDCB899E53}"
EndProject
Project("{8BC9CEB8-8B4A-11D0-8D11-00A0C91BC942}") = "attr_types", "attr_types\attr_types.vcproj", "{DC4473DB-EAEA-4DC7-BB6F-1CA2DF5F2F3B}"
EndProject
Project("{8BC9CEB8-8B4A-11D0-8D11-00A0C91BC942}") = "misc_devdata", "misc-devdata\misc-devdata.vcproj", "{A2E9C810-2935-4805-8792-496A0ED10839}"
EndProject
Project("{8BC9CEB8-8B4A-11D0-8D11-00A0C91BC942}") = "misc_devattr", "misc_devattr\misc_devattr.vcproj", "{4CD9F188-97C9-4C1F-AC7B-1666D5FAE3C3}"
EndProject
Project("{8BC9CEB8-8B4A-11D0-8D11-00A0C91BC942}") = "misc_devproxy", "misc_devproxy\misc_devproxy.vcproj", "{D6F15615-2C92-4CFE-B548-9506ECFD73AB}"
EndProject
Project("{8BC9CEB8-8B4A-11D0-8D11-00A0C91BC942}") = "write_attr", "write_attr\write_attr.vcproj", "{7EE9A9E4-78AE-4B6D-8F7C-DADB9FE90E7A}"
EndProject
Project("{8BC9CEB8-8B4A-11D0-8D11-00A0C91BC942}") = "copy_devproxy", "copy_devproxy\copy_devproxy.vcproj", "{37D0C9C1-31C0-467F-9310-DAF494377E95}"
EndProject
Project("{8BC9CEB8-8B4A-11D0-8D11-00A0C91BC942}") = "obj_prop", "obj_prop\obj_prop.vcproj", "{700AD2FC-90D2-480C-B059-15DCA0F8D894}"
EndProject
Project("{8BC9CEB8-8B4A-11D0-8D11-00A0C91BC942}") = "read_hist", "read_host\read_host.vcproj", "{3CBAF461-838E-4225-A24C-21BD8E4FE551}"
EndProject
Project("{8BC9CEB8-8B4A-11D0-8D11-00A0C91BC942}") = "poll_met", "poll_met\poll_met.vcproj", "{1491287C-D235-4BE7-A534-33055C88E59C}"
EndProject
Project("{8BC9CEB8-8B4A-11D0-8D11-00A0C91BC942}") = "poll_except", "poll_except\poll_except.vcproj", "{D58946D1-C6C3-4AE2-86C5-9C53B11E027E}"
EndProject
Project("{8BC9CEB8-8B4A-11D0-8D11-00A0C91BC942}") = "poll_attr", "poll_attr\poll_attr.vcproj", "{C0BF9611-7DFA-4782-99FA-661C29977CD1}"
EndProject
Project("{8BC9CEB8-8B4A-11D0-8D11-00A0C91BC942}") = "print_data", "print_data\print_data.vcproj", "{BDB9FBC2-8DB1-46F2-AF29-96D975120A76}"
EndProject
Project("{8BC9CEB8-8B4A-11D0-8D11-00A0C91BC942}") = "print_data_hist", "print_data_hist\print_data_hist.vcproj", "{870C3E28-A769-4F95-B6DA-7CD45CDB780C}"
EndProject
Project("{8BC9CEB8-8B4A-11D0-8D11-00A0C91BC942}") = "syntax", "syntax\syntax.vcproj", "{4C874FC5-474A-4B12-8A56-61A53CC055DC}"
EndProject
Project("{8BC9CEB8-8B4A-11D0-8D11-00A0C91BC942}") = "size", "size\size.vcproj", "{7E906AB3-8ED0-4462-8E31-0E7D5C291806}"
EndProject
Project("{8BC9CEB8-8B4A-11D0-8D11-00A0C91BC942}") = "attr_proxy", "attr_proxy\attr_proxy.vcproj", "{2571DAA6-742A-49F1-875C-8E3EF9F52EF9}"
EndProject
Project("{8BC9CEB8-8B4A-11D0-8D11-00A0C91BC942}") = "read_hist_ext", "read_hist_ext\read_hist_ext.vcproj", "{1B4C4DA3-65F5-4D17-B082-BD2F6CAAD6C0}"
EndProject
Project("{8BC9CEB8-8B4A-11D0-8D11-00A0C91BC942}") = "write_attr_3", "write_attr_3\write_attr_3.vcproj", "{08D23250-240C-4025-8649-EC441171A51D}"
EndProject
Project("{8BC9CEB8-8B4A-11D0-8D11-00A0C91BC942}") = "ring_depth", "ring_depth\ring_depth.vcproj", "{23F9A2ED-D02F-410B-9004-8CC9E642EE01}"
EndProject
Project("{8BC9CEB8-8B4A-11D0-8D11-00A0C91BC942}") = "attr_misc", "attr_misc\attr_misc.vcproj", "{2640C5A4-7B5E-4159-AF46-8D012582A70A}"
EndProject
Project("{8BC9CEB8-8B4A-11D0-8D11-00A0C91BC942}") = "state_attr", "state_attr\state_attr.vcproj", "{F756059A-654F-40ED-8BA0-F478B7CBF1CF}"
EndProject
Project("{8BC9CEB8-8B4A-11D0-8D11-00A0C91BC942}") = "rds", "rds\rds.vcproj", "{D136A855-85D8-4D29-99C9-AE7D5D6EA738}"
EndProject
Project("{8BC9CEB8-8B4A-11D0-8D11-00A0C91BC942}") = "mem_att", "mem_att\mem_att.vcproj", "{B2D73C70-66F2-4BB8-92A4-111C44DAA3DB}"
EndProject
Project("{8BC9CEB8-8B4A-11D0-8D11-00A0C91BC942}") = "attr_manip", "attr_manip\attr_manip.vcproj", "{8594FBDD-2938-49E0-AF5B-F524ABEE5C0F}"
EndProject
Project("{8BC9CEB8-8B4A-11D0-8D11-00A0C91BC942}") = "prop_list", "prop_list\prop_list.vcproj", "{2C333947-5663-4717-BB41-39804C4EDBCA}"
EndProject
Project("{8BC9CEB8-8B4A-11D0-8D11-00A0C91BC942}") = "ds_cache", "ds_cache\ds_cache.vcproj", "{19B05026-7732-4FEC-A85C-8C6BC339D761}"
EndProject
Project("{8BC9CEB8-8B4A-11D0-8D11-00A0C91BC942}") = "sub_dev", "sub_dev\sub_dev.vcproj", "{E3CF6E9E-2DA5-4EB6-9529-95BF2761A9CC}"
EndProject
Project("{8BC9CEB8-8B4A-11D0-8D11-00A0C91BC942}") = "locked_device", "locked_device\locked_device.vcproj", "{683BBC0B-FE1D-4C1C-867A-C1EF384E9848}"
EndProject
Project("{8BC9CEB8-8B4A-11D0-8D11-00A0C91BC942}") = "lock", "lock\lock.vcproj", "{8A319852-91A7-4339-9C03-F4D355614454}"
EndProject
Project("{8BC9CEB8-8B4A-11D0-8D11-00A0C91BC942}") = "restart_device", "restart_device\restart_device.vcproj", "{2E5B889E-72C7-45F8-9611-9687A706D327}"
EndProject
Project("{8BC9CEB8-8B4A-11D0-8D11-00A0C91BC942}") = "unlock", "unlock\unlock.vcproj", "{ECF3BF91-AE61-42AC-B3F2-FBCE55589B0C}"
EndProject
Project("{8BC9CEB8-8B4A-11D0-8D11-00A0C91BC942}") = "allowed_cmd", "allowed_cmd\allowed_cmd.vcproj", "{AAD01C98-3B8F-495F-A070-80A97A9AEAE2}"
EndProject
Project("{8BC9CEB8-8B4A-11D0-8D11-00A0C91BC942}") = "w_r_attr", "w_r_attr\w_r_attr.vcproj", "{94F286EB-0016-4205-8B39-25EDB17C9E0C}"
EndProject
Project("{8BC9CEB8-8B4A-11D0-8D11-00A0C91BC942}") = "acc_right", "acc_right\acc_right.vcproj", "{937982FD-CB54-40B7-9A95-638F97AC6C81}"
EndProject
Project("{8BC9CEB8-8B4A-11D0-8D11-00A0C91BC942}") = "ConfEventBugClient", "ConfEventBugClient\ConfEventBugClient.vcproj", "{3D404CC8-162C-46D5-8910-AB54DE545FC5}"
EndProject
Project("{8BC9CEB8-8B4A-11D0-8D11-00A0C91BC942}") = "att_conf", "att_conf\att_conf.vcproj", "{514E32B7-43FA-4CC8-A87C-540F4E0AF768}"
EndProject
Project("{8BC9CEB8-8B4A-11D0-8D11-00A0C91BC942}") = "asyn_cmd", "asyn_cmd\asyn_cmd.vcproj", "{34BA4CE1-613B-42E0-8399-761DD96FD595}"
EndProject
Project("{8BC9CEB8-8B4A-11D0-8D11-00A0C91BC942}") = "asyn_attr", "asyn_attr\asyn_attr.vcproj", "{C7621A8E-AB31-4D98-B995-90A99D2D7B45}"
EndProject
Project("{8BC9CEB8-8B4A-11D0-8D11-00A0C91BC942}") = "asyn_attr_multi", "asyn_attr_multi\asyn_attr_multi.vcproj", "{B29EA00F-7420-43C0-B7BB-DF1F8AEF1C94}"
EndProject
Project("{8BC9CEB8-8B4A-11D0-8D11-00A0C91BC942}") = "asyn_write_attr", "asyn_write_attr\asyn_write_attr.vcproj", "{649B6A2C-A3E4-48B6-AF27-D29532356A6B}"
EndProject
Project("{8BC9CEB8-8B4A-11D0-8D11-00A0C91BC942}") = "asyn_write_attr_multi", "asyn_write_attr_multi\asyn_write_attr_multi.vcproj", "{928D4E54-26B5-4B24-A1C4-4775BC0BE76C}"
EndProject
Project("{8BC9CEB8-8B4A-11D0-8D11-00A0C91BC942}") = "asyn_cb", "asyn_cb\asyn_cb.vcproj", "{E8AE8FF7-54BB-43EC-ACFD-45E70B73A2C9}"
EndProject
Project("{8BC9CEB8-8B4A-11D0-8D11-00A0C91BC942}") = "asyn_cb2", "asyn_cb2\asyn_cb2.vcproj", "{469D0696-C16C-4EC5-819F-C07E0F384285}"
EndProject
Project("{8BC9CEB8-8B4A-11D0-8D11-00A0C91BC942}") = "asyn_cb_cmd", "asyn_cb_cmd\asyn_cb_cmd.vcproj", "{EEE171FE-9C9D-4552-BF21-2BAA5DAEDFF6}"
EndProject
Project("{8BC9CEB8-8B4A-11D0-8D11-00A0C91BC942}") = "asyn_attr_cb", "asyn_attr_cb\asyn_attr_cb.vcproj", "{5008C2DB-FA43-4E2A-B03A-C60F43FAAC1C}"
EndProject
Project("{8BC9CEB8-8B4A-11D0-8D11-00A0C91BC942}") = "asyn_write_cb", "asyn_write_cb\asyn_write_cb.vcproj", "{DF6060F0-C235-4E8E-AF43-D3385A506A2F}"
EndProject
Project("{8BC9CEB8-8B4A-11D0-8D11-00A0C91BC942}") = "asyn_thread", "asyn_thread\asyn_thread.vcproj", "{D87A0B24-AA34-41A6-93FC-7033D6BBCB63}"
EndProject
Project("{8BC9CEB8-8B4A-11D0-8D11-00A0C91BC942}") = "auto_asyn_cmd", "auto_asyn_cmd\auto_asyn_cmd.vcproj", "{BAC3C08E-6E1A-4EA9-9F72-EE0BCC4537A9}"
EndProject
Project("{8BC9CEB8-8B4A-11D0-8D11-00A0C91BC942}") = "per_event", "per_event\per_event.vcproj", "{2B29ADC6-0E59-428F-B881-062B6515F398}"
EndProject
Project("{8BC9CEB8-8B4A-11D0-8D11-00A0C91BC942}") = "change_event", "change_event\change_event.vcproj", "{EC965242-1D96-4E0C-9AFB-CD5EB64FDB2E}"
EndProject
Project("{8BC9CEB8-8B4A-11D0-8D11-00A0C91BC942}") = "change_event64", "change_event64\change_event64.vcproj", "{8B3A3FF3-B78C-4D50-8BBB-68F58A62DAEC}"
EndProject
Project("{8BC9CEB8-8B4A-11D0-8D11-00A0C91BC942}") = "archive_event", "archive_event\archive_event.vcproj", "{B80E8A57-208E-49FA-83BD-546B46A9BC4E}"
EndProject
Project("{8BC9CEB8-8B4A-11D0-8D11-00A0C91BC942}") = "user_event", "user_event\user_event.vcproj", "{3B7C102E-1228-4C67-AAAF-90A2894370FD}"
EndProject
Project("{8BC9CEB8-8B4A-11D0-8D11-00A0C91BC942}") = "server_event", "server_event\server_event.vcproj", "{AA03D1D3-E62E-491E-BED6-7A5851879382}"
EndProject
Project("{8BC9CEB8-8B4A-11D0-8D11-00A0C91BC942}") = "reco_event", "reco_event\reco_event.vcproj", "{8926BDE3-BD11-4DA3-8F5D-09A23243DDBB}"
EndProject
Project("{8BC9CEB8-8B4A-11D0-8D11-00A0C91BC942}") = "reco_svc", "reco_svc\reco_svc.vcproj", "{73B65A5F-06D3-46E3-AE76-74853A0FDB36}"
EndProject
Project("{8BC9CEB8-8B4A-11D0-8D11-00A0C91BC942}") = "state_event", "state_event\state_event.vcproj", "{3E45FEB0-8CB6-42BC-BEF2-B7484198359A}"
EndProject
Project("{8BC9CEB8-8B4A-11D0-8D11-00A0C91BC942}") = "scan", "scan\scan.vcproj", "{5DD390AE-DCDE-4B18-BEDF-6EE21B5DD6AC}"
EndProject
Project("{8BC9CEB8-8B4A-11D0-8D11-00A0C91BC942}") = "att_conf_event", "att_conf_event\att_conf_event.vcproj", "{B839A523-2BF1-4041-8438-FB084FEDE4CA}"
EndProject
Project("{8BC9CEB8-8B4A-11D0-8D11-00A0C91BC942}") = "data_ready_event", "data_ready_event\data_ready_event.vcproj", "{6BC0051B-48CC-4B9D-9BFF-5D6B9CAEDF4C}"
EndProject
Project("{8BC9CEB8-8B4A-11D0-8D11-00A0C91BC942}") = "change_event_buffer", "change_event_buffer\change_event_buffer.vcproj", "{B93C82CE-D496-47E8-B111-99F406ADB490}"
EndProject
Project("{8BC9CEB8-8B4A-11D0-8D11-00A0C91BC942}") = "att_conf_event_buffer", "att_conf_event_buffer\att_conf_event_buffer.vcproj", "{78349AD2-3C40-4D22-BFE1-6E63686E3FFC}"
EndProject
Project("{8BC9CEB8-8B4A-11D0-8D11-00A0C91BC942}") = "data_ready_event_buffer", "data_ready_event_buffer\data_ready_event_buffer.vcproj", "{E21FE87C-B9E0-40ED-B1C5-044C116B42F8}"
EndProject
Project("{8BC9CEB8-8B4A-11D0-8D11-00A0C91BC942}") = "event_lock", "event_lock\event_lock.vcproj", "{6F89B606-00C4-4DE5-BBE4-4D058E6AEB6B}"
EndProject
Project("{8BC9CEB8-8B4A-11D0-8D11-00A0C91BC942}") = "multi_event", "multi_event\multi_event.vcproj", "{A2F8D0FB-F549-42BF-BB86-108B7B4AFBE0}"
EndProject
Project("{8BC9CEB8-8B4A-11D0-8D11-00A0C91BC942}") = "poll_pool", "poll_pool\poll_pool.vcproj", "{6406C9C4-DCB7-43C5-828A-15B669A2A1A4}"
EndProject
Project("{8BC9CEB8-8B4A-11D0-8D11-00A0C91BC942}") = "runner", "runner\runner.vcproj", "{94D774D1-1403-4F01-AD70-1337438E970B}"
EndProject
Project("{8BC9CEB8-8B4A-11D0-8D11-00A0C91BC942}") = "att_type_event", "att_type_event\att_type_event.vcproj", "{509AE767-82A2-48A7-8C11-21D5A2432F3E}"
EndProject
Project("{8BC9CEB8-8B4A-11D0-8D11-00A0C91BC942}") = "stateless_sub", "stateless_sub\stateless_sub.vcproj", "{D7E6ABD7-9412-4F77-80C8-75517D2B8D3E}"
EndProject
Project("{8BC9CEB8-8B4A-11D0-8D11-00A0C91BC942}") = "reco_zmq", "reco_zmq\reco_zmq.vcproj", "{C5F9071F-B8DC-4C67-9364-84B1FF583951}"
EndProject
Project("{8BC9CEB8-8B4A-11D0-8D11-00A0C91BC942}") = "attr_conf_test", "attr_conf_test\attr_conf_test.vcproj", "{498BBB37-9982-41F9-8A39-140E794E76DC}"
EndProject
Project("{8BC9CEB8-8B4A-11D0-8D11-00A0C91BC942}") = "wait_mcast_dev", "wait_mcast_dev\wait_mcast_dev.vcproj", "{E17456B8-BFA1-402F-8D40-A1157193673A}"
EndProject
Project("{8BC9CEB8-8B4A-11D0-8D11-00A0C91BC942}") = "multi_dev_event", "multi_dev_event\multi_dev_event.vcproj", "{176EEE86-5A0F-4A0A-8950-1672579625B4}"
EndProject
Project("{8BC9CEB8-8B4A-11D0-8D11-00A0C91BC942}") = "dev_intr_event", "dev_intr_event\dev_intr_event.vcproj", "{C9E16BC3-AB98-440C-9CFE-0D2FDB7D1FB6}"
EndProject
Global
	GlobalSection(SolutionConfigurationPlatforms) = preSolution
		Debug|Win32 = Debug|Win32
		Release|Win32 = Release|Win32
	EndGlobalSection
	GlobalSection(ProjectConfigurationPlatforms) = postSolution
		{5CF0AD69-352A-4827-AD4B-DE629E1B4E78}.Debug|Win32.ActiveCfg = Release|Win32
		{5CF0AD69-352A-4827-AD4B-DE629E1B4E78}.Debug|Win32.Build.0 = Release|Win32
		{5CF0AD69-352A-4827-AD4B-DE629E1B4E78}.Release|Win32.ActiveCfg = Release|Win32
		{5CF0AD69-352A-4827-AD4B-DE629E1B4E78}.Release|Win32.Build.0 = Release|Win32
		{E37BBC67-2308-4B63-B961-71519FB9F279}.Debug|Win32.ActiveCfg = Release|Win32
		{E37BBC67-2308-4B63-B961-71519FB9F279}.Debug|Win32.Build.0 = Release|Win32
		{E37BBC67-2308-4B63-B961-71519FB9F279}.Release|Win32.ActiveCfg = Release|Win32
		{E37BBC67-2308-4B63-B961-71519FB9F279}.Release|Win32.Build.0 = Release|Win32
		{C01D8845-2CDF-43E3-BEE8-91896629E064}.Debug|Win32.ActiveCfg = Release|Win32
		{C01D8845-2CDF-43E3-BEE8-91896629E064}.Debug|Win32.Build.0 = Release|Win32
		{C01D8845-2CDF-43E3-BEE8-91896629E064}.Release|Win32.ActiveCfg = Release|Win32
		{C01D8845-2CDF-43E3-BEE8-91896629E064}.Release|Win32.Build.0 = Release|Win32
		{B70EC07A-24E8-44F0-8CE6-49AC2760470F}.Debug|Win32.ActiveCfg = Release|Win32
		{B70EC07A-24E8-44F0-8CE6-49AC2760470F}.Debug|Win32.Build.0 = Release|Win32
		{B70EC07A-24E8-44F0-8CE6-49AC2760470F}.Release|Win32.ActiveCfg = Release|Win32
		{B70EC07A-24E8-44F0-8CE6-49AC2760470F}.Release|Win32.Build.0 = Release|Win32
		{7ECEF870-A73D-4FFA-9248-4E14C528FC81}.Debug|Win32.ActiveCfg = Release|Win32
		{7ECEF870-A73D-4FFA-9248-4E14C528FC81}.Debug|Win32.Build.0 = Release|Win32
		{7ECEF870-A73D-4FFA-9248-4E14C528FC81}.Release|Win32.ActiveCfg = Release|Win32
		{7ECEF870-A73D-4FFA-9248-4E14C528FC81}.Release|Win32.Build.0 = Release|Win32
		{B011952D-D686-4A1B-92A9-F457B8444154}.Debug|Win32.ActiveCfg = Release|Win32
		{B011952D-D686-4A1B-92A9-F457B8444154}.Debug|Win32.Build.0 = Release|Win32
		{B011952D-D686-4A1B-92A9-F457B8444154}.Release|Win32.ActiveCfg = Release|Win32
		{B011952D-D686-4A1B-92A9-F457B8444154}.Release|Win32.Build.0 = Release|Win32
		{CE6EC813-919B-4257-A4B6-EC94A1FDABCD}.Debug|Win32.ActiveCfg = Release|Win32
		{CE6EC813-919B-4257-A4B6-EC94A1FDABCD}.Debug|Win32.Build.0 = Release|Win32
		{CE6EC813-919B-4257-A4B6-EC94A1FDABCD}.Release|Win32.ActiveCfg = Release|Win32
		{CE6EC813-919B-4257-A4B6-EC94A1FDABCD}.Release|Win32.Build.0 = Release|Win32
		{290BA60F-09D9-4BCA-8403-94EDCB899E53}.Debug|Win32.ActiveCfg = Release|Win32
		{290BA60F-09D9-4BCA-8403-94EDCB899E53}.Debug|Win32.Build.0 = Release|Win32
		{290BA60F-09D9-4BCA-8403-94EDCB899E53}.Release|Win32.ActiveCfg = Release|Win32
		{290BA60F-09D9-4BCA-8403-94EDCB899E53}.Release|Win32.Build.0 = Release|Win32
		{DC4473DB-EAEA-4DC7-BB6F-1CA2DF5F2F3B}.Debug|Win32.ActiveCfg = Release|Win32
		{DC4473DB-EAEA-4DC7-BB6F-1CA2DF5F2F3B}.Debug|Win32.Build.0 = Release|Win32
		{DC4473DB-EAEA-4DC7-BB6F-1CA2DF5F2F3B}.Release|Win32.ActiveCfg = Release|Win32
		{DC4473DB-EAEA-4DC7-BB6F-1CA2DF5F2F3B}.Release|Win32.Build.0 = Release|Win32
		{A2E9C810-2935-4805-8792-496A0ED10839}.Debug|Win32.ActiveCfg = Release|Win32
		{A2E9C810-2935-4805-8792-496A0ED10839}.Debug|Win32.Build.0 = Release|Win32
		{A2E9C810-2935-4805-8792-496A0ED10839}.Release|Win32.ActiveCfg = Release|Win32
		{A2E9C810-2935-4805-8792-496A0ED10839}.Release|Win32.Build.0 = Release|Win32
		{4CD9F188-97C9-4C1F-AC7B-1666D5FAE3C3}.Debug|Win32.ActiveCfg = Release|Win32
		{4CD9F188-97C9-4C1F-AC7B-1666D5FAE3C3}.Debug|Win32.Build.0 = Release|Win32
		{4CD9F188-97C9-4C1F-AC7B-1666D5FAE3C3}.Release|Win32.ActiveCfg = Release|Win32
		{4CD9F188-97C9-4C1F-AC7B-1666D5FAE3C3}.Release|Win32.Build.0 = Release|Win32
		{D6F15615-2C92-4CFE-B548-9506ECFD73AB}.Debug|Win32.ActiveCfg = Release|Win32
		{D6F15615-2C92-4CFE-B548-9506ECFD73AB}.Debug|Win32.Build.0 = Release|Win32
		{D6F15615-2C92-4CFE-B548-9506ECFD73AB}.Release|Win32.ActiveCfg = Release|Win32
		{D6F15615-2C92-4CFE-B548-9506ECFD73AB}.Release|Win32.Build.0 = Release|Win32
		{7EE9A9E4-78AE-4B6D-8F7C-DADB9FE90E7A}.Debug|Win32.ActiveCfg = Release|Win32
		{7EE9A9E4-78AE-4B6D-8F7C-DADB9FE90E7A}.Debug|Win32.Build.0 = Release|Win32
		{7EE9A9E4-78AE-4B6D-8F7C-DADB9FE90E7A}.Release|Win32.ActiveCfg = Release|Win32
		{7EE9A9E4-78AE-4B6D-8F7C-DADB9FE90E7A}.Release|Win32.Build.0 = Release|Win32
		{37D0C9C1-31C0-467F-9310-DAF494377E95}.Debug|Win32.ActiveCfg = Release|Win32
		{37D0C9C1-31C0-467F-9310-DAF494377E95}.Debug|Win32.Build.0 = Release|Win32
		{37D0C9C1-31C0-467F-9310-DAF494377E95}.Release|Win32.ActiveCfg = Release|Win32
		{37D0C9C1-31C0-467F-9310-DAF494377E95}.Release|Win32.Build.0 = Release|Win32
		{700AD2FC-90D2-480C-B059-15DCA0F8D894}.Debug|Win32.ActiveCfg = Release|Win32
		{700AD2FC-90D2-480C-B059-15DCA0F8D894}.Debug|Win32.Build.0 = Release|Win32
		{700AD2FC-90D2-480C-B059-15DCA0F8D894}.Release|Win32.ActiveCfg = Release|Win32
		{700AD2FC-90D2-480C-B059-15DCA0F8D894}.Release|Win32.Build.0 = Release|Win32
		{3CBAF461-838E-4225-A24C-21BD8E4FE551}.Debug|Win32.ActiveCfg = Release|Win32
		{3CBAF461-838E-4225-A24C-21BD8E4FE551}.Debug|Win32.Build.0 = Release|Win32
		{3CBAF461-838E-4225-A24C-21BD8E4FE551}.Release|Win32.ActiveCfg = Release|Win32
		{3CBAF461-838E-4225-A24C-21BD8E4FE551}.Release|Win32.Build.0 = Release|Win32
		{1491287C-D235-4BE7-A534-33055C88E59C}.Debug|Win32.ActiveCfg = Release|Win32
		{1491287C-D235-4BE7-A534-33055C88E59C}.Debug|Win32.Build.0 = Release|Win32
		{1491287C-D235-4BE7-A534-33055C88E59C}.Release|Win32.ActiveCfg = Release|Win32
		{1491287C-D235-4BE7-A534-33055C88E59C}.Release|Win32.Build.0 = Release|Win32
		{D58946D1-C6C3-4AE2-86C5-9C53B11E027E}.Debug|Win32.ActiveCfg = Release|Win32
		{D58946D1-C6C3-4AE2-86C5-9C53B11E027E}.Debug|Win32.Build.0 = Release|Win32
		{D58946D1-C6C3-4AE2-86C5-9C53B11E027E}.Release|Win32.ActiveCfg = Release|Win32
		{D58946D1-C6C3-4AE2-86C5-9C53B11E027E}.Release|Win32.Build.0 = Release|Win32
		{C0BF9611-7DFA-4782-99FA-661C29977CD1}.Debug|Win32.ActiveCfg = Release|Win32
		{C0BF9611-7DFA-4782-99FA-661C29977CD1}.Debug|Win32.Build.0 = Release|Win32
		{C0BF9611-7DFA-4782-99FA-661C29977CD1}.Release|Win32.ActiveCfg = Release|Win32
		{C0BF9611-7DFA-4782-99FA-661C29977CD1}.Release|Win32.Build.0 = Release|Win32
		{BDB9FBC2-8DB1-46F2-AF29-96D975120A76}.Debug|Win32.ActiveCfg = Release|Win32
		{BDB9FBC2-8DB1-46F2-AF29-96D975120A76}.Debug|Win32.Build.0 = Release|Win32
		{BDB9FBC2-8DB1-46F2-AF29-96D975120A76}.Release|Win32.ActiveCfg = Release|Win32
		{BDB9FBC2-8DB1-46F2-AF29-96D975120A76}.Release|Win32.Build.0 = Release|Win32
		{870C3E28-A769-4F95-B6DA-7CD45CDB780C}.Debug|Win32.ActiveCfg = Release|Win32
		{870C3E28-A769-4F95-B6DA-7CD45CDB780C}.Debug|Win32.Build.0 = Release|Win32
		{870C3E28-A769-4F95-B6DA-7CD45CDB780C}.Release|Win32.ActiveCfg = Release|Win32
		{870C3E28-A769-4F95-B6DA-7CD45CDB780C}.Release|Win32.Build.0 = Release|Win32
		{4C874FC5-474A-4B12-8A56-61A53CC055DC}.Debug|Win32.ActiveCfg = Release|Win32
		{4C874FC5-474A-4B12-8A56-61A53CC055DC}.Release|Win32.ActiveCfg = Release|Win32
		{7E906AB3-8ED0-4462-8E31-0E7D5C291806}.Debug|Win32.ActiveCfg = Release|Win32
		{7E906AB3-8ED0-4462-8E31-0E7D5C291806}.Release|Win32.ActiveCfg = Release|Win32
		{2571DAA6-742A-49F1-875C-8E3EF9F52EF9}.Debug|Win32.ActiveCfg = Release|Win32
		{2571DAA6-742A-49F1-875C-8E3EF9F52EF9}.Debug|Win32.Build.0 = Release|Win32
		{2571DAA6-742A-49F1-875C-8E3EF9F52EF9}.Release|Win32.ActiveCfg = Release|Win32
		{2571DAA6-742A-49F1-875C-8E3EF9F52EF9}.Release|Win32.Build.0 = Release|Win32
		{1B4C4DA3-65F5-4D17-B082-BD2F6CAAD6C0}.Debug|Win32.ActiveCfg = Release|Win32
		{1B4C4DA3-65F5-4D17-B082-BD2F6CAAD6C0}.Debug|Win32.Build.0 = Release|Win32
		{1B4C4DA3-65F5-4D17-B082-BD2F6CAAD6C0}.Release|Win32.ActiveCfg = Release|Win32
		{1B4C4DA3-65F5-4D17-B082-BD2F6CAAD6C0}.Release|Win32.Build.0 = Release|Win32
		{08D23250-240C-4025-8649-EC441171A51D}.Debug|Win32.ActiveCfg = Release|Win32
		{08D23250-240C-4025-8649-EC441171A51D}.Debug|Win32.Build.0 = Release|Win32
		{08D23250-240C-4025-8649-EC441171A51D}.Release|Win32.ActiveCfg = Release|Win32
		{08D23250-240C-4025-8649-EC441171A51D}.Release|Win32.Build.0 = Release|Win32
		{23F9A2ED-D02F-410B-9004-8CC9E642EE01}.Debug|Win32.ActiveCfg = Release|Win32
		{23F9A2ED-D02F-410B-9004-8CC9E642EE01}.Debug|Win32.Build.0 = Release|Win32
		{23F9A2ED-D02F-410B-9004-8CC9E642EE01}.Release|Win32.ActiveCfg = Release|Win32
		{23F9A2ED-D02F-410B-9004-8CC9E642EE01}.Release|Win32.Build.0 = Release|Win32
		{2640C5A4-7B5E-4159-AF46-8D012582A70A}.Debug|Win32.ActiveCfg = Release|Win32
		{2640C5A4-7B5E-4159-AF46-8D012582A70A}.Debug|Win32.Build.0 = Release|Win32
		{2640C5A4-7B5E-4159-AF46-8D012582A70A}.Release|Win32.ActiveCfg = Release|Win32
		{2640C5A4-7B5E-4159-AF46-8D012582A70A}.Release|Win32.Build.0 = Release|Win32
		{F756059A-654F-40ED-8BA0-F478B7CBF1CF}.Debug|Win32.ActiveCfg = Release|Win32
		{F756059A-654F-40ED-8BA0-F478B7CBF1CF}.Debug|Win32.Build.0 = Release|Win32
		{F756059A-654F-40ED-8BA0-F478B7CBF1CF}.Release|Win32.ActiveCfg = Release|Win32
		{F756059A-654F-40ED-8BA0-F478B7CBF1CF}.Release|Win32.Build.0 = Release|Win32
		{D136A855-85D8-4D29-99C9-AE7D5D6EA738}.Debug|Win32.ActiveCfg = Release|Win32
		{D136A855-85D8-4D29-99C9-AE7D5D6EA738}.Debug|Win32.Build.0 = Release|Win32
		{D136A855-85D8-4D29-99C9-AE7D5D6EA738}.Release|Win32.ActiveCfg = Release|Win32
		{D136A855-85D8-4D29-99C9-AE7D5D6EA738}.Release|Win32.Build.0 = Release|Win32
		{B2D73C70-66F2-4BB8-92A4-111C44DAA3DB}.Debug|Win32.ActiveCfg = Release|Win32
		{B2D73C70-66F2-4BB8-92A4-111C44DAA3DB}.Debug|Win32.Build.0 = Release|Win32
		{B2D73C70-66F2-4BB8-92A4-111C44DAA3DB}.Release|Win32.ActiveCfg = Release|Win32
		{B2D73C70-66F2-4BB8-92A4-111C44DAA3DB}.Release|Win32.Build.0 = Release|Win32
		{8594FBDD-2938-49E0-AF5B-F524ABEE5C0F}.Debug|Win32.ActiveCfg = Release|Win32
		{8594FBDD-2938-49E0-AF5B-F524ABEE5C0F}.Debug|Win32.Build.0 = Release|Win32
		{8594FBDD-2938-49E0-AF5B-F524ABEE5C0F}.Release|Win32.ActiveCfg = Release|Win32
		{8594FBDD-2938-49E0-AF5B-F524ABEE5C0F}.Release|Win32.Build.0 = Release|Win32
		{2C333947-5663-4717-BB41-39804C4EDBCA}.Debug|Win32.ActiveCfg = Release|Win32
		{2C333947-5663-4717-BB41-39804C4EDBCA}.Debug|Win32.Build.0 = Release|Win32
		{2C333947-5663-4717-BB41-39804C4EDBCA}.Release|Win32.ActiveCfg = Release|Win32
		{2C333947-5663-4717-BB41-39804C4EDBCA}.Release|Win32.Build.0 = Release|Win32
		{19B05026-7732-4FEC-A85C-8C6BC339D761}.Debug|Win32.ActiveCfg = Release|Win32
		{19B05026-7732-4FEC-A85C-8C6BC339D761}.Debug|Win32.Build.0 = Release|Win32
		{19B05026-7732-4FEC-A85C-8C6BC339D761}.Release|Win32.ActiveCfg = Release|Win32
		{19B05026-7732-4FEC-A85C-8C6BC339D761}.Release|Win32.Build.0 = Release|Win32
		{E3CF6E9E-2DA5-4EB6-9529-95BF2761A9CC}.Debug|Win32.ActiveCfg = Release|Win32
		{E3CF6E9E-2DA5-4EB6-9529-95BF2761A9CC}.Debug|Win32.Build.0 = Release|Win32
		{E3CF6E9E-2DA5-4EB6-9529-95BF2761A9CC}.Release|Win32.ActiveCfg = Release|Win32
		{E3CF6E9E-2DA5-4EB6-9529-95BF2761A9CC}.Release|Win32.Build.0 = Release|Win32
		{683BBC0B-FE1D-4C1C-867A-C1EF384E9848}.Debug|Win32.ActiveCfg = Release|Win32
		{683BBC0B-FE1D-4C1C-867A-C1EF384E9848}.Debug|Win32.Build.0 = Release|Win32
		{683BBC0B-FE1D-4C1C-867A-C1EF384E9848}.Release|Win32.ActiveCfg = Release|Win32
		{683BBC0B-FE1D-4C1C-867A-C1EF384E9848}.Release|Win32.Build.0 = Release|Win32
		{8A319852-91A7-4339-9C03-F4D355614454}.Debug|Win32.ActiveCfg = Release|Win32
		{8A319852-91A7-4339-9C03-F4D355614454}.Release|Win32.ActiveCfg = Release|Win32
		{8A319852-91A7-4339-9C03-F4D355614454}.Release|Win32.Build.0 = Release|Win32
		{2E5B889E-72C7-45F8-9611-9687A706D327}.Debug|Win32.ActiveCfg = Release|Win32
		{2E5B889E-72C7-45F8-9611-9687A706D327}.Debug|Win32.Build.0 = Release|Win32
		{2E5B889E-72C7-45F8-9611-9687A706D327}.Release|Win32.ActiveCfg = Release|Win32
		{2E5B889E-72C7-45F8-9611-9687A706D327}.Release|Win32.Build.0 = Release|Win32
		{ECF3BF91-AE61-42AC-B3F2-FBCE55589B0C}.Debug|Win32.ActiveCfg = Release|Win32
		{ECF3BF91-AE61-42AC-B3F2-FBCE55589B0C}.Debug|Win32.Build.0 = Release|Win32
		{ECF3BF91-AE61-42AC-B3F2-FBCE55589B0C}.Release|Win32.ActiveCfg = Release|Win32
		{ECF3BF91-AE61-42AC-B3F2-FBCE55589B0C}.Release|Win32.Build.0 = Release|Win32
		{AAD01C98-3B8F-495F-A070-80A97A9AEAE2}.Debug|Win32.ActiveCfg = Release|Win32
		{AAD01C98-3B8F-495F-A070-80A97A9AEAE2}.Debug|Win32.Build.0 = Release|Win32
		{AAD01C98-3B8F-495F-A070-80A97A9AEAE2}.Release|Win32.ActiveCfg = Release|Win32
		{AAD01C98-3B8F-495F-A070-80A97A9AEAE2}.Release|Win32.Build.0 = Release|Win32
		{94F286EB-0016-4205-8B39-25EDB17C9E0C}.Debug|Win32.ActiveCfg = Release|Win32
		{94F286EB-0016-4205-8B39-25EDB17C9E0C}.Debug|Win32.Build.0 = Release|Win32
		{94F286EB-0016-4205-8B39-25EDB17C9E0C}.Release|Win32.ActiveCfg = Release|Win32
		{94F286EB-0016-4205-8B39-25EDB17C9E0C}.Release|Win32.Build.0 = Release|Win32
		{937982FD-CB54-40B7-9A95-638F97AC6C81}.Debug|Win32.ActiveCfg = Release|Win32
		{937982FD-CB54-40B7-9A95-638F97AC6C81}.Release|Win32.ActiveCfg = Release|Win32
		{3D404CC8-162C-46D5-8910-AB54DE545FC5}.Debug|Win32.ActiveCfg = Release|Win32
		{3D404CC8-162C-46D5-8910-AB54DE545FC5}.Debug|Win32.Build.0 = Release|Win32
		{3D404CC8-162C-46D5-8910-AB54DE545FC5}.Release|Win32.ActiveCfg = Release|Win32
		{3D404CC8-162C-46D5-8910-AB54DE545FC5}.Release|Win32.Build.0 = Release|Win32
		{514E32B7-43FA-4CC8-A87C-540F4E0AF768}.Debug|Win32.ActiveCfg = Release|Win32
		{514E32B7-43FA-4CC8-A87C-540F4E0AF768}.Debug|Win32.Build.0 = Release|Win32
		{514E32B7-43FA-4CC8-A87C-540F4E0AF768}.Release|Win32.ActiveCfg = Release|Win32
		{514E32B7-43FA-4CC8-A87C-540F4E0AF768}.Release|Win32.Build.0 = Release|Win32
		{34BA4CE1-613B-42E0-8399-761DD96FD595}.Debug|Win32.ActiveCfg = Release|Win32
		{34BA4CE1-613B-42E0-8399-761DD96FD595}.Debug|Win32.Build.0 = Release|Win32
		{34BA4CE1-613B-42E0-8399-761DD96FD595}.Release|Win32.ActiveCfg = Release|Win32
		{34BA4CE1-613B-42E0-8399-761DD96FD595}.Release|Win32.Build.0 = Release|Win32
		{C7621A8E-AB31-4D98-B995-90A99D2D7B45}.Debug|Win32.ActiveCfg = Release|Win32
		{C7621A8E-AB31-4D98-B995-90A99D2D7B45}.Debug|Win32.Build.0 = Release|Win32
		{C7621A8E-AB31-4D98-B995-90A99D2D7B45}.Release|Win32.ActiveCfg = Release|Win32
		{C7621A8E-AB31-4D98-B995-90A99D2D7B45}.Release|Win32.Build.0 = Release|Win32
		{B29EA00F-7420-43C0-B7BB-DF1F8AEF1C94}.Debug|Win32.ActiveCfg = Release|Win32
		{B29EA00F-7420-43C0-B7BB-DF1F8AEF1C94}.Debug|Win32.Build.0 = Release|Win32
		{B29EA00F-7420-43C0-B7BB-DF1F8AEF1C94}.Release|Win32.ActiveCfg = Release|Win32
		{B29EA00F-7420-43C0-B7BB-DF1F8AEF1C94}.Release|Win32.Build.0 = Release|Win32
		{649B6A2C-A3E4-48B6-AF27-D29532356A6B}.Debug|Win32.ActiveCfg = Release|Win32
		{649B6A2C-A3E4-48B6-AF27-D29532356A6B}.Debug|Win32.Build.0 = Release|Win32
		{649B6A2C-A3E4-48B6-AF27-D29532356A6B}.Release|Win32.ActiveCfg = Release|Win32
		{649B6A2C-A3E4-48B6-AF27-D29532356A6B}.Release|Win32.Build.0 = Release|Win32
		{928D4E54-26B5-4B24-A1C4-4775BC0BE76C}.Debug|Win32.ActiveCfg = Release|Win32
		{928D4E54-26B5-4B24-A1C4-4775BC0BE76C}.Debug|Win32.Build.0 = Release|Win32
		{928D4E54-26B5-4B24-A1C4-4775BC0BE76C}.Release|Win32.ActiveCfg = Release|Win32
		{928D4E54-26B5-4B24-A1C4-4775BC0BE76C}.Release|Win32.Build.0 = Release|Win32
		{E8AE8FF7-54BB-43EC-ACFD-45E70B73A2C9}.Debug|Win32.ActiveCfg = Release|Win32
		{E8AE8FF7-54BB-43EC-ACFD-45E70B73A2C9}.Debug|Win32.Build.0 = Release|Win32
		{E8AE8FF7-54BB-43EC-ACFD-45E70B73A2C9}.Release|Win32.ActiveCfg = Release|Win32
		{E8AE8FF7-54BB-43EC-ACFD-45E70B73A2C9}.Release|Win32.Build.0 = Release|Win32
		{469D0696-C16C-4EC5-819F-C07E0F384285}.Debug|Win32.ActiveCfg = Release|Win32
		{469D0696-C16C-4EC5-819F-C07E0F384285}.Debug|Win32.Build.0 = Release|Win32
		{469D0696-C16C-4EC5-819F-C07E0F384285}.Release|Win32.ActiveCfg = Release|Win32
		{469D0696-C16C-4EC5-819F-C07E0F384285}.Release|Win32.Build.0 = Release|Win32
		{EEE171FE-9C9D-4552-BF21-2BAA5DAEDFF6}.Debug|Win32.ActiveCfg = Release|Win32
		{EEE171FE-9C9D-4552-BF21-2BAA5DAEDFF6}.Debug|Win32.Build.0 = Release|Win32
		{EEE171FE-9C9D-4552-BF21-2BAA5DAEDFF6}.Release|Win32.ActiveCfg = Release|Win32
		{EEE171FE-9C9D-4552-BF21-2BAA5DAEDFF6}.Release|Win32.Build.0 = Release|Win32
		{5008C2DB-FA43-4E2A-B03A-C60F43FAAC1C}.Debug|Win32.ActiveCfg = Release|Win32
		{5008C2DB-FA43-4E2A-B03A-C60F43FAAC1C}.Debug|Win32.Build.0 = Release|Win32
		{5008C2DB-FA43-4E2A-B03A-C60F43FAAC1C}.Release|Win32.ActiveCfg = Release|Win32
		{5008C2DB-FA43-4E2A-B03A-C60F43FAAC1C}.Release|Win32.Build.0 = Release|Win32
		{DF6060F0-C235-4E8E-AF43-D3385A506A2F}.Debug|Win32.ActiveCfg = Release|Win32
		{DF6060F0-C235-4E8E-AF43-D3385A506A2F}.Debug|Win32.Build.0 = Release|Win32
		{DF6060F0-C235-4E8E-AF43-D3385A506A2F}.Release|Win32.ActiveCfg = Release|Win32
		{DF6060F0-C235-4E8E-AF43-D3385A506A2F}.Release|Win32.Build.0 = Release|Win32
		{D87A0B24-AA34-41A6-93FC-7033D6BBCB63}.Debug|Win32.ActiveCfg = Release|Win32
		{D87A0B24-AA34-41A6-93FC-7033D6BBCB63}.Debug|Win32.Build.0 = Release|Win32
		{D87A0B24-AA34-41A6-93FC-7033D6BBCB63}.Release|Win32.ActiveCfg = Release|Win32
		{D87A0B24-AA34-41A6-93FC-7033D6BBCB63}.Release|Win32.Build.0 = Release|Win32
		{BAC3C08E-6E1A-4EA9-9F72-EE0BCC4537A9}.Debug|Win32.ActiveCfg = Release|Win32
		{BAC3C08E-6E1A-4EA9-9F72-EE0BCC4537A9}.Debug|Win32.Build.0 = Release|Win32
		{BAC3C08E-6E1A-4EA9-9F72-EE0BCC4537A9}.Release|Win32.ActiveCfg = Release|Win32
		{BAC3C08E-6E1A-4EA9-9F72-EE0BCC4537A9}.Release|Win32.Build.0 = Release|Win32
		{2B29ADC6-0E59-428F-B881-062B6515F398}.Debug|Win32.ActiveCfg = Release|Win32
		{2B29ADC6-0E59-428F-B881-062B6515F398}.Debug|Win32.Build.0 = Release|Win32
		{2B29ADC6-0E59-428F-B881-062B6515F398}.Release|Win32.ActiveCfg = Release|Win32
		{2B29ADC6-0E59-428F-B881-062B6515F398}.Release|Win32.Build.0 = Release|Win32
		{EC965242-1D96-4E0C-9AFB-CD5EB64FDB2E}.Debug|Win32.ActiveCfg = Release|Win32
		{EC965242-1D96-4E0C-9AFB-CD5EB64FDB2E}.Debug|Win32.Build.0 = Release|Win32
		{EC965242-1D96-4E0C-9AFB-CD5EB64FDB2E}.Release|Win32.ActiveCfg = Release|Win32
		{EC965242-1D96-4E0C-9AFB-CD5EB64FDB2E}.Release|Win32.Build.0 = Release|Win32
		{8B3A3FF3-B78C-4D50-8BBB-68F58A62DAEC}.Debug|Win32.ActiveCfg = Release|Win32
		{8B3A3FF3-B78C-4D50-8BBB-68F58A62DAEC}.Debug|Win32.Build.0 = Release|Win32
		{8B3A3FF3-B78C-4D50-8BBB-68F58A62DAEC}.Release|Win32.ActiveCfg = Release|Win32
		{8B3A3FF3-B78C-4D50-8BBB-68F58A62DAEC}.Release|Win32.Build.0 = Release|Win32
		{B80E8A57-208E-49FA-83BD-546B46A9BC4E}.Debug|Win32.ActiveCfg = Release|Win32
		{B80E8A57-208E-49FA-83BD-546B46A9BC4E}.Debug|Win32.Build.0 = Release|Win32
		{B80E8A57-208E-49FA-83BD-546B46A9BC4E}.Release|Win32.ActiveCfg = Release|Win32
		{B80E8A57-208E-49FA-83BD-546B46A9BC4E}.Release|Win32.Build.0 = Release|Win32
		{3B7C102E-1228-4C67-AAAF-90A2894370FD}.Debug|Win32.ActiveCfg = Release|Win32
		{3B7C102E-1228-4C67-AAAF-90A2894370FD}.Debug|Win32.Build.0 = Release|Win32
		{3B7C102E-1228-4C67-AAAF-90A2894370FD}.Release|Win32.ActiveCfg = Release|Win32
		{3B7C102E-1228-4C67-AAAF-90A2894370FD}.Release|Win32.Build.0 = Release|Win32
		{AA03D1D3-E62E-491E-BED6-7A5851879382}.Debug|Win32.ActiveCfg = Release|Win32
		{AA03D1D3-E62E-491E-BED6-7A5851879382}.Debug|Win32.Build.0 = Release|Win32
		{AA03D1D3-E62E-491E-BED6-7A5851879382}.Release|Win32.ActiveCfg = Release|Win32
		{AA03D1D3-E62E-491E-BED6-7A5851879382}.Release|Win32.Build.0 = Release|Win32
		{8926BDE3-BD11-4DA3-8F5D-09A23243DDBB}.Debug|Win32.ActiveCfg = Release|Win32
		{8926BDE3-BD11-4DA3-8F5D-09A23243DDBB}.Debug|Win32.Build.0 = Release|Win32
		{8926BDE3-BD11-4DA3-8F5D-09A23243DDBB}.Release|Win32.ActiveCfg = Release|Win32
		{8926BDE3-BD11-4DA3-8F5D-09A23243DDBB}.Release|Win32.Build.0 = Release|Win32
		{73B65A5F-06D3-46E3-AE76-74853A0FDB36}.Debug|Win32.ActiveCfg = Release|Win32
		{73B65A5F-06D3-46E3-AE76-74853A0FDB36}.Debug|Win32.Build.0 = Release|Win32
		{73B65A5F-06D3-46E3-AE76-74853A0FDB36}.Release|Win32.ActiveCfg = Release|Win32
		{73B65A5F-06D3-46E3-AE76-74853A0FDB36}.Release|Win32.Build.0 = Release|Win32
		{3E45FEB0-8CB6-42BC-BEF2-B7484198359A}.Debug|Win32.ActiveCfg = Release|Win32
		{3E45FEB0-8CB6-42BC-BEF2-B7484198359A}.Debug|Win32.Build.0 = Release|Win32
		{3E45FEB0-8CB6-42BC-BEF2-B7484198359A}.Release|Win32.ActiveCfg = Release|Win32
		{3E45FEB0-8CB6-42BC-BEF2-B7484198359A}.Release|Win32.Build.0 = Release|Win32
		{5DD390AE-DCDE-4B18-BEDF-6EE21B5DD6AC}.Debug|Win32.ActiveCfg = Release|Win32
		{5DD390AE-DCDE-4B18-BEDF-6EE21B5DD6AC}.Debug|Win32.Build.0 = Release|Win32
		{5DD390AE-DCDE-4B18-BEDF-6EE21B5DD6AC}.Release|Win32.ActiveCfg = Release|Win32
		{5DD390AE-DCDE-4B18-BEDF-6EE21B5DD6AC}.Release|Win32.Build.0 = Release|Win32
		{B839A523-2BF1-4041-8438-FB084FEDE4CA}.Debug|Win32.ActiveCfg = Release|Win32
		{B839A523-2BF1-4041-8438-FB084FEDE4CA}.Debug|Win32.Build.0 = Release|Win32
		{B839A523-2BF1-4041-8438-FB084FEDE4CA}.Release|Win32.ActiveCfg = Release|Win32
		{B839A523-2BF1-4041-8438-FB084FEDE4CA}.Release|Win32.Build.0 = Release|Win32
		{6BC0051B-48CC-4B9D-9BFF-5D6B9CAEDF4C}.Debug|Win32.ActiveCfg = Release|Win32
		{6BC0051B-48CC-4B9D-9BFF-5D6B9CAEDF4C}.Debug|Win32.Build.0 = Release|Win32
		{6BC0051B-48CC-4B9D-9BFF-5D6B9CAEDF4C}.Release|Win32.ActiveCfg = Release|Win32
		{6BC0051B-48CC-4B9D-9BFF-5D6B9CAEDF4C}.Release|Win32.Build.0 = Release|Win32
		{B93C82CE-D496-47E8-B111-99F406ADB490}.Debug|Win32.ActiveCfg = Release|Win32
		{B93C82CE-D496-47E8-B111-99F406ADB490}.Debug|Win32.Build.0 = Release|Win32
		{B93C82CE-D496-47E8-B111-99F406ADB490}.Release|Win32.ActiveCfg = Release|Win32
		{B93C82CE-D496-47E8-B111-99F406ADB490}.Release|Win32.Build.0 = Release|Win32
		{78349AD2-3C40-4D22-BFE1-6E63686E3FFC}.Debug|Win32.ActiveCfg = Release|Win32
		{78349AD2-3C40-4D22-BFE1-6E63686E3FFC}.Debug|Win32.Build.0 = Release|Win32
		{78349AD2-3C40-4D22-BFE1-6E63686E3FFC}.Release|Win32.ActiveCfg = Release|Win32
		{78349AD2-3C40-4D22-BFE1-6E63686E3FFC}.Release|Win32.Build.0 = Release|Win32
		{E21FE87C-B9E0-40ED-B1C5-044C116B42F8}.Debug|Win32.ActiveCfg = Release|Win32
		{E21FE87C-B9E0-40ED-B1C5-044C116B42F8}.Debug|Win32.Build.0 = Release|Win32
		{E21FE87C-B9E0-40ED-B1C5-044C116B42F8}.Release|Win32.ActiveCfg = Release|Win32
		{E21FE87C-B9E0-40ED-B1C5-044C116B42F8}.Release|Win32.Build.0 = Release|Win32
		{6F89B606-00C4-4DE5-BBE4-4D058E6AEB6B}.Debug|Win32.ActiveCfg = Release|Win32
		{6F89B606-00C4-4DE5-BBE4-4D058E6AEB6B}.Debug|Win32.Build.0 = Release|Win32
		{6F89B606-00C4-4DE5-BBE4-4D058E6AEB6B}.Release|Win32.ActiveCfg = Release|Win32
		{6F89B606-00C4-4DE5-BBE4-4D058E6AEB6B}.Release|Win32.Build.0 = Release|Win32
		{A2F8D0FB-F549-42BF-BB86-108B7B4AFBE0}.Debug|Win32.ActiveCfg = Release|Win32
		{A2F8D0FB-F549-42BF-BB86-108B7B4AFBE0}.Debug|Win32.Build.0 = Release|Win32
		{A2F8D0FB-F549-42BF-BB86-108B7B4AFBE0}.Release|Win32.ActiveCfg = Release|Win32
		{A2F8D0FB-F549-42BF-BB86-108B7B4AFBE0}.Release|Win32.Build.0 = Release|Win32
		{6406C9C4-DCB7-43C5-828A-15B669A2A1A4}.Debug|Win32.ActiveCfg = Release|Win32
		{6406C9C4-DCB7-43C5-828A-15B669A2A1A4}.Debug|Win32.Build.0 = Release|Win32
		{6406C9C4-DCB7-43C5-828A-15B669A2A1A4}.Release|Win32.ActiveCfg = Release|Win32
		{6406C9C4-DCB7-43C5-828A-15B669A2A1A4}.Release|Win32.Build.0 = Release|Win32
		{94D774D1-1403-4F01-AD70-1337438E970B}.Debug|Win32.ActiveCfg = Release|Win32
		{94D774D1-1403-4F01-AD70-1337438E970B}.Debug|Win32.Build.0 = Release|Win32
		{94D774D1-1403-4F01-AD70-1337438E970B}.Release|Win32.ActiveCfg = Release|Win32
		{94D774D1-1403-4F01-AD70-1337438E970B}.Release|Win32.Build.0 = Release|Win32
		{509AE767-82A2-48A7-8C11-21D5A2432F3E}.Debug|Win32.ActiveCfg = Release|Win32
		{509AE767-82A2-48A7-8C11-21D5A2432F3E}.Debug|Win32.Build.0 = Release|Win32
		{509AE767-82A2-48A7-8C11-21D5A2432F3E}.Release|Win32.ActiveCfg = Release|Win32
		{509AE767-82A2-48A7-8C11-21D5A2432F3E}.Release|Win32.Build.0 = Release|Win32
		{D7E6ABD7-9412-4F77-80C8-75517D2B8D3E}.Debug|Win32.ActiveCfg = Debug|Win32
		{D7E6ABD7-9412-4F77-80C8-75517D2B8D3E}.Debug|Win32.Build.0 = Debug|Win32
		{D7E6ABD7-9412-4F77-80C8-75517D2B8D3E}.Release|Win32.ActiveCfg = Release|Win32
		{D7E6ABD7-9412-4F77-80C8-75517D2B8D3E}.Release|Win32.Build.0 = Release|Win32
		{C5F9071F-B8DC-4C67-9364-84B1FF583951}.Debug|Win32.ActiveCfg = Debug|Win32
		{C5F9071F-B8DC-4C67-9364-84B1FF583951}.Debug|Win32.Build.0 = Debug|Win32
		{C5F9071F-B8DC-4C67-9364-84B1FF583951}.Release|Win32.ActiveCfg = Release|Win32
		{C5F9071F-B8DC-4C67-9364-84B1FF583951}.Release|Win32.Build.0 = Release|Win32
		{498BBB37-9982-41F9-8A39-140E794E76DC}.Debug|Win32.ActiveCfg = Debug|Win32
		{498BBB37-9982-41F9-8A39-140E794E76DC}.Debug|Win32.Build.0 = Debug|Win32
		{498BBB37-9982-41F9-8A39-140E794E76DC}.Release|Win32.ActiveCfg = Release|Win32
		{498BBB37-9982-41F9-8A39-140E794E76DC}.Release|Win32.Build.0 = Release|Win32
		{E17456B8-BFA1-402F-8D40-A1157193673A}.Debug|Win32.ActiveCfg = Debug|Win32
		{E17456B8-BFA1-402F-8D40-A1157193673A}.Debug|Win32.Build.0 = Debug|Win32
		{E17456B8-BFA1-402F-8D40-A1157193673A}.Release|Win32.ActiveCfg = Release|Win32
		{E17456B8-BFA1-402F-8D40-A1157193673A}.Release|Win32.Build.0 = Release|Win32
		{176EEE86-5A0F-4A0A-8950-1672579625B4}.Debug|Win32.ActiveCfg = Debug|Win32
		{176EEE86-5A0F-4A0A-8950-1672579625B4}.Debug|Win32.Build.0 = Debug|Win32
		{176EEE86-5A0F-4A0A-8950-1672579625B4}.Release|Win32.ActiveCfg = Release|Win32
		{176EEE86-5A0F-4A0A-8950-1672579625B4}.Release|Win32.Build.0 = Release|Win32
		{C9E16BC3-AB98-440C-9CFE-0D2FDB7D1FB6}.Debug|Win32.ActiveCfg = Debug|Win32
		{C9E16BC3-AB98-440C-9CFE-0D2FDB7D1FB6}.Debug|Win32.Build.0 = Debug|Win32
		{C9E16BC3-AB98-440C-9CFE-0D2FDB7D1FB6}.Release|Win32.ActiveCfg = Release|Win32
		{C9E16BC3-AB98-440C-9CFE-0D2FDB7D1FB6}.Release|Win32.Build.0 = Release|Win32
	EndGlobalSection
	GlobalSection(SolutionProperties) = preSolution
		HideSolutionNode = FALSE
	EndGlobalSection
EndGlobal
