
Microsoft Visual Studio Solution File, Format Version 10.00
# Visual Studio 2008
Project("{8BC9CEB8-8B4A-11D0-8D11-00A0C91BC942}") = "Poll", "Poll\Poll.vcproj", "{5CF0AD69-352A-4827-AD4B-DE629E1B4E78}"
EndProject
Project("{8BC9CEB8-8B4A-11D0-8D11-00A0C91BC942}") = "StopPoll", "StopPoll\StopPoll.vcproj", "{E37BBC67-2308-4B63-B961-71519FB9F279}"
EndProject
Project("{8BC9CEB8-8B4A-11D0-8D11-00A0C91BC942}") = "new_devproxy", "new_devproxy\new_devproxy.vcproj", "{C01D8845-2CDF-43E3-BEE8-91896629E064}"
EndProject
Project("{8BC9CEB8-8B4A-11D0-8D11-00A0C91BC942}") = "multiple_new", "multiple_new\multiple_new.vcproj", "{B70EC07A-24E8-44F0-8CE6-49AC2760470F}"
EndProject
Project("{8BC9CEB8-8B4A-11D0-8D11-00A0C91BC942}") = "reconnect", "reconnect\reconnect.vcproj", "{7ECEF870-A73D-4FFA-9248-4E14C528FC81}"
EndProject
Project("{8BC9CEB8-8B4A-11D0-8D11-00A0C91BC942}") = "cmd_inout", "cmd_inout\cmd_inout.vcproj", "{B011952D-D686-4A1B-92A9-F457B8444154}"
EndProject
Project("{8BC9CEB8-8B4A-11D0-8D11-00A0C91BC942}") = "read_attr", "read_attr\read_attr.vcproj", "{CE6EC813-919B-4257-A4B6-EC94A1FDABCD}"
EndProject
Project("{8BC9CEB8-8B4A-11D0-8D11-00A0C91BC942}") = "cmd_types", "cmd_types\cmd_types.vcproj", "{290BA60F-09D9-4BCA-8403-94EDCB899E53}"
EndProject
Project("{8BC9CEB8-8B4A-11D0-8D11-00A0C91BC942}") = "attr_types", "attr_types\attr_types.vcproj", "{DC4473DB-EAEA-4DC7-BB6F-1CA2DF5F2F3B}"
EndProject
Project("{8BC9CEB8-8B4A-11D0-8D11-00A0C91BC942}") = "misc_devdata", "misc-devdata\misc-devdata.vcproj", "{A2E9C810-2935-4805-8792-496A0ED10839}"
EndProject
Project("{8BC9CEB8-8B4A-11D0-8D11-00A0C91BC942}") = "misc_devattr", "misc_devattr\misc_devattr.vcproj", "{4CD9F188-97C9-4C1F-AC7B-1666D5FAE3C3}"
EndProject
Project("{8BC9CEB8-8B4A-11D0-8D11-00A0C91BC942}") = "misc_devproxy", "misc_devproxy\misc_devproxy.vcproj", "{D6F15615-2C92-4CFE-B548-9506ECFD73AB}"
EndProject
Project("{8BC9CEB8-8B4A-11D0-8D11-00A0C91BC942}") = "write_attr", "write_attr\write_attr.vcproj", "{7EE9A9E4-78AE-4B6D-8F7C-DADB9FE90E7A}"
EndProject
Project("{8BC9CEB8-8B4A-11D0-8D11-00A0C91BC942}") = "copy_devproxy", "copy_devproxy\copy_devproxy.vcproj", "{37D0C9C1-31C0-467F-9310-DAF494377E95}"
EndProject
Project("{8BC9CEB8-8B4A-11D0-8D11-00A0C91BC942}") = "obj_prop", "obj_prop\obj_prop.vcproj", "{700AD2FC-90D2-480C-B059-15DCA0F8D894}"
EndProject
Project("{8BC9CEB8-8B4A-11D0-8D11-00A0C91BC942}") = "read_hist", "read_host\read_host.vcproj", "{3CBAF461-838E-4225-A24C-21BD8E4FE551}"
EndProject
Project("{8BC9CEB8-8B4A-11D0-8D11-00A0C91BC942}") = "poll_met", "poll_met\poll_met.vcproj", "{1491287C-D235-4BE7-A534-33055C88E59C}"
EndProject
Project("{8BC9CEB8-8B4A-11D0-8D11-00A0C91BC942}") = "poll_except", "poll_except\poll_except.vcproj", "{D58946D1-C6C3-4AE2-86C5-9C53B11E027E}"
EndProject
Project("{8BC9CEB8-8B4A-11D0-8D11-00A0C91BC942}") = "poll_attr", "poll_attr\poll_attr.vcproj", "{C0BF9611-7DFA-4782-99FA-661C29977CD1}"
EndProject
Project("{8BC9CEB8-8B4A-11D0-8D11-00A0C91BC942}") = "print_data", "print_data\print_data.vcproj", "{BDB9FBC2-8DB1-46F2-AF29-96D975120A76}"
EndProject
Project("{8BC9CEB8-8B4A-11D0-8D11-00A0C91BC942}") = "print_data_hist", "print_data_hist\print_data_hist.vcproj", "{870C3E28-A769-4F95-B6DA-7CD45CDB780C}"
EndProject
Project("{8BC9CEB8-8B4A-11D0-8D11-00A0C91BC942}") = "syntax", "syntax\syntax.vcproj", "{4C874FC5-474A-4B12-8A56-61A53CC055DC}"
EndProject
Project("{8BC9CEB8-8B4A-11D0-8D11-00A0C91BC942}") = "size", "size\size.vcproj", "{7E906AB3-8ED0-4462-8E31-0E7D5C291806}"
EndProject
Project("{8BC9CEB8-8B4A-11D0-8D11-00A0C91BC942}") = "attr_proxy", "attr_proxy\attr_proxy.vcproj", "{2571DAA6-742A-49F1-875C-8E3EF9F52EF9}"
EndProject
Project("{8BC9CEB8-8B4A-11D0-8D11-00A0C91BC942}") = "read_hist_ext", "read_hist_ext\read_hist_ext.vcproj", "{1B4C4DA3-65F5-4D17-B082-BD2F6CAAD6C0}"
EndProject
Project("{8BC9CEB8-8B4A-11D0-8D11-00A0C91BC942}") = "write_attr_3", "write_attr_3\write_attr_3.vcproj", "{08D23250-240C-4025-8649-EC441171A51D}"
EndProject
Project("{8BC9CEB8-8B4A-11D0-8D11-00A0C91BC942}") = "ring_depth", "ring_depth\ring_depth.vcproj", "{23F9A2ED-D02F-410B-9004-8CC9E642EE01}"
EndProject
Project("{8BC9CEB8-8B4A-11D0-8D11-00A0C91BC942}") = "attr_misc", "attr_misc\attr_misc.vcproj", "{2640C5A4-7B5E-4159-AF46-8D012582A70A}"
EndProject
Project("{8BC9CEB8-8B4A-11D0-8D11-00A0C91BC942}") = "state_attr", "state_attr\state_attr.vcproj", "{F756059A-654F-40ED-8BA0-F478B7CBF1CF}"
EndProject
Project("{8BC9CEB8-8B4A-11D0-8D11-00A0C91BC942}") = "rds", "rds\rds.vcproj", "{D136A855-85D8-4D29-99C9-AE7D5D6EA738}"
EndProject
Project("{8BC9CEB8-8B4A-11D0-8D11-00A0C91BC942}") = "mem_att", "mem_att\mem_att.vcproj", "{B2D73C70-66F2-4BB8-92A4-111C44DAA3DB}"
EndProject
Project("{8BC9CEB8-8B4A-11D0-8D11-00A0C91BC942}") = "attr_manip", "attr_manip\attr_manip.vcproj", "{8594FBDD-2938-49E0-AF5B-F524ABEE5C0F}"
EndProject
Project("{8BC9CEB8-8B4A-11D0-8D11-00A0C91BC942}") = "prop_list", "prop_list\prop_list.vcproj", "{2C333947-5663-4717-BB41-39804C4EDBCA}"
EndProject
Project("{8BC9CEB8-8B4A-11D0-8D11-00A0C91BC942}") = "ds_cache", "ds_cache\ds_cache.vcproj", "{19B05026-7732-4FEC-A85C-8C6BC339D761}"
EndProject
Project("{8BC9CEB8-8B4A-11D0-8D11-00A0C91BC942}") = "sub_dev", "sub_dev\sub_dev.vcproj", "{E3CF6E9E-2DA5-4EB6-9529-95BF2761A9CC}"
EndProject
Project("{8BC9CEB8-8B4A-11D0-8D11-00A0C91BC942}") = "locked_device", "locked_device\locked_device.vcproj", "{683BBC0B-FE1D-4C1C-867A-C1EF384E9848}"
EndProject
Project("{8BC9CEB8-8B4A-11D0-8D11-00A0C91BC942}") = "lock", "lock\lock.vcproj", "{8A319852-91A7-4339-9C03-F4D355614454}"
EndProject
Project("{8BC9CEB8-8B4A-11D0-8D11-00A0C91BC942}") = "restart_device", "restart_device\restart_device.vcproj", "{2E5B889E-72C7-45F8-9611-9687A706D327}"
EndProject
Project("{8BC9CEB8-8B4A-11D0-8D11-00A0C91BC942}") = "unlock", "unlock\unlock.vcproj", "{ECF3BF91-AE61-42AC-B3F2-FBCE55589B0C}"
EndProject
Project("{8BC9CEB8-8B4A-11D0-8D11-00A0C91BC942}") = "allowed_cmd", "allowed_cmd\allowed_cmd.vcproj", "{AAD01C98-3B8F-495F-A070-80A97A9AEAE2}"
EndProject
Project("{8BC9CEB8-8B4A-11D0-8D11-00A0C91BC942}") = "w_r_attr", "w_r_attr\w_r_attr.vcproj", "{94F286EB-0016-4205-8B39-25EDB17C9E0C}"
EndProject
Project("{8BC9CEB8-8B4A-11D0-8D11-00A0C91BC942}") = "acc_right", "acc_right\acc_right.vcproj", "{937982FD-CB54-40B7-9A95-638F97AC6C81}"
EndProject
Project("{8BC9CEB8-8B4A-11D0-8D11-00A0C91BC942}") = "ConfEventBugClient", "ConfEventBugClient\ConfEventBugClient.vcproj", "{3D404CC8-162C-46D5-8910-AB54DE545FC5}"
EndProject
Project("{8BC9CEB8-8B4A-11D0-8D11-00A0C91BC942}") = "att_conf", "att_conf\att_conf.vcproj", "{514E32B7-43FA-4CC8-A87C-540F4E0AF768}"
EndProject
Global
	GlobalSection(SolutionConfigurationPlatforms) = preSolution
		Debug|Win32 = Debug|Win32
		Release|Win32 = Release|Win32
	EndGlobalSection
	GlobalSection(ProjectConfigurationPlatforms) = postSolution
		{5CF0AD69-352A-4827-AD4B-DE629E1B4E78}.Debug|Win32.ActiveCfg = Release|Win32
		{5CF0AD69-352A-4827-AD4B-DE629E1B4E78}.Debug|Win32.Build.0 = Release|Win32
		{5CF0AD69-352A-4827-AD4B-DE629E1B4E78}.Release|Win32.ActiveCfg = Release|Win32
		{5CF0AD69-352A-4827-AD4B-DE629E1B4E78}.Release|Win32.Build.0 = Release|Win32
		{E37BBC67-2308-4B63-B961-71519FB9F279}.Debug|Win32.ActiveCfg = Release|Win32
		{E37BBC67-2308-4B63-B961-71519FB9F279}.Debug|Win32.Build.0 = Release|Win32
		{E37BBC67-2308-4B63-B961-71519FB9F279}.Release|Win32.ActiveCfg = Release|Win32
		{E37BBC67-2308-4B63-B961-71519FB9F279}.Release|Win32.Build.0 = Release|Win32
		{C01D8845-2CDF-43E3-BEE8-91896629E064}.Debug|Win32.ActiveCfg = Release|Win32
		{C01D8845-2CDF-43E3-BEE8-91896629E064}.Debug|Win32.Build.0 = Release|Win32
		{C01D8845-2CDF-43E3-BEE8-91896629E064}.Release|Win32.ActiveCfg = Release|Win32
		{C01D8845-2CDF-43E3-BEE8-91896629E064}.Release|Win32.Build.0 = Release|Win32
		{B70EC07A-24E8-44F0-8CE6-49AC2760470F}.Debug|Win32.ActiveCfg = Release|Win32
		{B70EC07A-24E8-44F0-8CE6-49AC2760470F}.Debug|Win32.Build.0 = Release|Win32
		{B70EC07A-24E8-44F0-8CE6-49AC2760470F}.Release|Win32.ActiveCfg = Release|Win32
		{B70EC07A-24E8-44F0-8CE6-49AC2760470F}.Release|Win32.Build.0 = Release|Win32
		{7ECEF870-A73D-4FFA-9248-4E14C528FC81}.Debug|Win32.ActiveCfg = Release|Win32
		{7ECEF870-A73D-4FFA-9248-4E14C528FC81}.Debug|Win32.Build.0 = Release|Win32
		{7ECEF870-A73D-4FFA-9248-4E14C528FC81}.Release|Win32.ActiveCfg = Release|Win32
		{7ECEF870-A73D-4FFA-9248-4E14C528FC81}.Release|Win32.Build.0 = Release|Win32
		{B011952D-D686-4A1B-92A9-F457B8444154}.Debug|Win32.ActiveCfg = Release|Win32
		{B011952D-D686-4A1B-92A9-F457B8444154}.Debug|Win32.Build.0 = Release|Win32
		{B011952D-D686-4A1B-92A9-F457B8444154}.Release|Win32.ActiveCfg = Release|Win32
		{B011952D-D686-4A1B-92A9-F457B8444154}.Release|Win32.Build.0 = Release|Win32
		{CE6EC813-919B-4257-A4B6-EC94A1FDABCD}.Debug|Win32.ActiveCfg = Release|Win32
		{CE6EC813-919B-4257-A4B6-EC94A1FDABCD}.Debug|Win32.Build.0 = Release|Win32
		{CE6EC813-919B-4257-A4B6-EC94A1FDABCD}.Release|Win32.ActiveCfg = Release|Win32
		{CE6EC813-919B-4257-A4B6-EC94A1FDABCD}.Release|Win32.Build.0 = Release|Win32
		{290BA60F-09D9-4BCA-8403-94EDCB899E53}.Debug|Win32.ActiveCfg = Release|Win32
		{290BA60F-09D9-4BCA-8403-94EDCB899E53}.Debug|Win32.Build.0 = Release|Win32
		{290BA60F-09D9-4BCA-8403-94EDCB899E53}.Release|Win32.ActiveCfg = Release|Win32
		{290BA60F-09D9-4BCA-8403-94EDCB899E53}.Release|Win32.Build.0 = Release|Win32
		{DC4473DB-EAEA-4DC7-BB6F-1CA2DF5F2F3B}.Debug|Win32.ActiveCfg = Release|Win32
		{DC4473DB-EAEA-4DC7-BB6F-1CA2DF5F2F3B}.Debug|Win32.Build.0 = Release|Win32
		{DC4473DB-EAEA-4DC7-BB6F-1CA2DF5F2F3B}.Release|Win32.ActiveCfg = Release|Win32
		{DC4473DB-EAEA-4DC7-BB6F-1CA2DF5F2F3B}.Release|Win32.Build.0 = Release|Win32
		{A2E9C810-2935-4805-8792-496A0ED10839}.Debug|Win32.ActiveCfg = Release|Win32
		{A2E9C810-2935-4805-8792-496A0ED10839}.Debug|Win32.Build.0 = Release|Win32
		{A2E9C810-2935-4805-8792-496A0ED10839}.Release|Win32.ActiveCfg = Release|Win32
		{A2E9C810-2935-4805-8792-496A0ED10839}.Release|Win32.Build.0 = Release|Win32
		{4CD9F188-97C9-4C1F-AC7B-1666D5FAE3C3}.Debug|Win32.ActiveCfg = Release|Win32
		{4CD9F188-97C9-4C1F-AC7B-1666D5FAE3C3}.Debug|Win32.Build.0 = Release|Win32
		{4CD9F188-97C9-4C1F-AC7B-1666D5FAE3C3}.Release|Win32.ActiveCfg = Release|Win32
		{4CD9F188-97C9-4C1F-AC7B-1666D5FAE3C3}.Release|Win32.Build.0 = Release|Win32
		{D6F15615-2C92-4CFE-B548-9506ECFD73AB}.Debug|Win32.ActiveCfg = Release|Win32
		{D6F15615-2C92-4CFE-B548-9506ECFD73AB}.Debug|Win32.Build.0 = Release|Win32
		{D6F15615-2C92-4CFE-B548-9506ECFD73AB}.Release|Win32.ActiveCfg = Release|Win32
		{D6F15615-2C92-4CFE-B548-9506ECFD73AB}.Release|Win32.Build.0 = Release|Win32
		{7EE9A9E4-78AE-4B6D-8F7C-DADB9FE90E7A}.Debug|Win32.ActiveCfg = Release|Win32
		{7EE9A9E4-78AE-4B6D-8F7C-DADB9FE90E7A}.Debug|Win32.Build.0 = Release|Win32
		{7EE9A9E4-78AE-4B6D-8F7C-DADB9FE90E7A}.Release|Win32.ActiveCfg = Release|Win32
		{7EE9A9E4-78AE-4B6D-8F7C-DADB9FE90E7A}.Release|Win32.Build.0 = Release|Win32
		{37D0C9C1-31C0-467F-9310-DAF494377E95}.Debug|Win32.ActiveCfg = Release|Win32
		{37D0C9C1-31C0-467F-9310-DAF494377E95}.Debug|Win32.Build.0 = Release|Win32
		{37D0C9C1-31C0-467F-9310-DAF494377E95}.Release|Win32.ActiveCfg = Release|Win32
		{37D0C9C1-31C0-467F-9310-DAF494377E95}.Release|Win32.Build.0 = Release|Win32
		{700AD2FC-90D2-480C-B059-15DCA0F8D894}.Debug|Win32.ActiveCfg = Release|Win32
		{700AD2FC-90D2-480C-B059-15DCA0F8D894}.Debug|Win32.Build.0 = Release|Win32
		{700AD2FC-90D2-480C-B059-15DCA0F8D894}.Release|Win32.ActiveCfg = Release|Win32
		{700AD2FC-90D2-480C-B059-15DCA0F8D894}.Release|Win32.Build.0 = Release|Win32
		{3CBAF461-838E-4225-A24C-21BD8E4FE551}.Debug|Win32.ActiveCfg = Release|Win32
		{3CBAF461-838E-4225-A24C-21BD8E4FE551}.Debug|Win32.Build.0 = Release|Win32
		{3CBAF461-838E-4225-A24C-21BD8E4FE551}.Release|Win32.ActiveCfg = Release|Win32
		{3CBAF461-838E-4225-A24C-21BD8E4FE551}.Release|Win32.Build.0 = Release|Win32
		{1491287C-D235-4BE7-A534-33055C88E59C}.Debug|Win32.ActiveCfg = Release|Win32
		{1491287C-D235-4BE7-A534-33055C88E59C}.Debug|Win32.Build.0 = Release|Win32
		{1491287C-D235-4BE7-A534-33055C88E59C}.Release|Win32.ActiveCfg = Release|Win32
		{1491287C-D235-4BE7-A534-33055C88E59C}.Release|Win32.Build.0 = Release|Win32
		{D58946D1-C6C3-4AE2-86C5-9C53B11E027E}.Debug|Win32.ActiveCfg = Release|Win32
		{D58946D1-C6C3-4AE2-86C5-9C53B11E027E}.Debug|Win32.Build.0 = Release|Win32
		{D58946D1-C6C3-4AE2-86C5-9C53B11E027E}.Release|Win32.ActiveCfg = Release|Win32
		{D58946D1-C6C3-4AE2-86C5-9C53B11E027E}.Release|Win32.Build.0 = Release|Win32
		{C0BF9611-7DFA-4782-99FA-661C29977CD1}.Debug|Win32.ActiveCfg = Release|Win32
		{C0BF9611-7DFA-4782-99FA-661C29977CD1}.Debug|Win32.Build.0 = Release|Win32
		{C0BF9611-7DFA-4782-99FA-661C29977CD1}.Release|Win32.ActiveCfg = Release|Win32
		{C0BF9611-7DFA-4782-99FA-661C29977CD1}.Release|Win32.Build.0 = Release|Win32
		{BDB9FBC2-8DB1-46F2-AF29-96D975120A76}.Debug|Win32.ActiveCfg = Release|Win32
		{BDB9FBC2-8DB1-46F2-AF29-96D975120A76}.Debug|Win32.Build.0 = Release|Win32
		{BDB9FBC2-8DB1-46F2-AF29-96D975120A76}.Release|Win32.ActiveCfg = Release|Win32
		{BDB9FBC2-8DB1-46F2-AF29-96D975120A76}.Release|Win32.Build.0 = Release|Win32
		{870C3E28-A769-4F95-B6DA-7CD45CDB780C}.Debug|Win32.ActiveCfg = Release|Win32
		{870C3E28-A769-4F95-B6DA-7CD45CDB780C}.Debug|Win32.Build.0 = Release|Win32
		{870C3E28-A769-4F95-B6DA-7CD45CDB780C}.Release|Win32.ActiveCfg = Release|Win32
		{870C3E28-A769-4F95-B6DA-7CD45CDB780C}.Release|Win32.Build.0 = Release|Win32
		{4C874FC5-474A-4B12-8A56-61A53CC055DC}.Debug|Win32.ActiveCfg = Release|Win32
		{4C874FC5-474A-4B12-8A56-61A53CC055DC}.Debug|Win32.Build.0 = Release|Win32
		{4C874FC5-474A-4B12-8A56-61A53CC055DC}.Release|Win32.ActiveCfg = Release|Win32
		{4C874FC5-474A-4B12-8A56-61A53CC055DC}.Release|Win32.Build.0 = Release|Win32
		{7E906AB3-8ED0-4462-8E31-0E7D5C291806}.Debug|Win32.ActiveCfg = Release|Win32
		{7E906AB3-8ED0-4462-8E31-0E7D5C291806}.Release|Win32.ActiveCfg = Release|Win32
		{2571DAA6-742A-49F1-875C-8E3EF9F52EF9}.Debug|Win32.ActiveCfg = Release|Win32
		{2571DAA6-742A-49F1-875C-8E3EF9F52EF9}.Debug|Win32.Build.0 = Release|Win32
		{2571DAA6-742A-49F1-875C-8E3EF9F52EF9}.Release|Win32.ActiveCfg = Release|Win32
		{2571DAA6-742A-49F1-875C-8E3EF9F52EF9}.Release|Win32.Build.0 = Release|Win32
		{1B4C4DA3-65F5-4D17-B082-BD2F6CAAD6C0}.Debug|Win32.ActiveCfg = Release|Win32
		{1B4C4DA3-65F5-4D17-B082-BD2F6CAAD6C0}.Debug|Win32.Build.0 = Release|Win32
		{1B4C4DA3-65F5-4D17-B082-BD2F6CAAD6C0}.Release|Win32.ActiveCfg = Release|Win32
		{1B4C4DA3-65F5-4D17-B082-BD2F6CAAD6C0}.Release|Win32.Build.0 = Release|Win32
		{08D23250-240C-4025-8649-EC441171A51D}.Debug|Win32.ActiveCfg = Release|Win32
		{08D23250-240C-4025-8649-EC441171A51D}.Debug|Win32.Build.0 = Release|Win32
		{08D23250-240C-4025-8649-EC441171A51D}.Release|Win32.ActiveCfg = Release|Win32
		{08D23250-240C-4025-8649-EC441171A51D}.Release|Win32.Build.0 = Release|Win32
		{23F9A2ED-D02F-410B-9004-8CC9E642EE01}.Debug|Win32.ActiveCfg = Release|Win32
		{23F9A2ED-D02F-410B-9004-8CC9E642EE01}.Debug|Win32.Build.0 = Release|Win32
		{23F9A2ED-D02F-410B-9004-8CC9E642EE01}.Release|Win32.ActiveCfg = Release|Win32
		{23F9A2ED-D02F-410B-9004-8CC9E642EE01}.Release|Win32.Build.0 = Release|Win32
		{2640C5A4-7B5E-4159-AF46-8D012582A70A}.Debug|Win32.ActiveCfg = Release|Win32
		{2640C5A4-7B5E-4159-AF46-8D012582A70A}.Debug|Win32.Build.0 = Release|Win32
		{2640C5A4-7B5E-4159-AF46-8D012582A70A}.Release|Win32.ActiveCfg = Release|Win32
		{2640C5A4-7B5E-4159-AF46-8D012582A70A}.Release|Win32.Build.0 = Release|Win32
		{F756059A-654F-40ED-8BA0-F478B7CBF1CF}.Debug|Win32.ActiveCfg = Release|Win32
		{F756059A-654F-40ED-8BA0-F478B7CBF1CF}.Debug|Win32.Build.0 = Release|Win32
		{F756059A-654F-40ED-8BA0-F478B7CBF1CF}.Release|Win32.ActiveCfg = Release|Win32
		{F756059A-654F-40ED-8BA0-F478B7CBF1CF}.Release|Win32.Build.0 = Release|Win32
		{D136A855-85D8-4D29-99C9-AE7D5D6EA738}.Debug|Win32.ActiveCfg = Release|Win32
		{D136A855-85D8-4D29-99C9-AE7D5D6EA738}.Debug|Win32.Build.0 = Release|Win32
		{D136A855-85D8-4D29-99C9-AE7D5D6EA738}.Release|Win32.ActiveCfg = Release|Win32
		{D136A855-85D8-4D29-99C9-AE7D5D6EA738}.Release|Win32.Build.0 = Release|Win32
		{B2D73C70-66F2-4BB8-92A4-111C44DAA3DB}.Debug|Win32.ActiveCfg = Release|Win32
		{B2D73C70-66F2-4BB8-92A4-111C44DAA3DB}.Debug|Win32.Build.0 = Release|Win32
		{B2D73C70-66F2-4BB8-92A4-111C44DAA3DB}.Release|Win32.ActiveCfg = Release|Win32
		{B2D73C70-66F2-4BB8-92A4-111C44DAA3DB}.Release|Win32.Build.0 = Release|Win32
		{8594FBDD-2938-49E0-AF5B-F524ABEE5C0F}.Debug|Win32.ActiveCfg = Release|Win32
		{8594FBDD-2938-49E0-AF5B-F524ABEE5C0F}.Debug|Win32.Build.0 = Release|Win32
		{8594FBDD-2938-49E0-AF5B-F524ABEE5C0F}.Release|Win32.ActiveCfg = Release|Win32
		{8594FBDD-2938-49E0-AF5B-F524ABEE5C0F}.Release|Win32.Build.0 = Release|Win32
		{2C333947-5663-4717-BB41-39804C4EDBCA}.Debug|Win32.ActiveCfg = Release|Win32
		{2C333947-5663-4717-BB41-39804C4EDBCA}.Debug|Win32.Build.0 = Release|Win32
		{2C333947-5663-4717-BB41-39804C4EDBCA}.Release|Win32.ActiveCfg = Release|Win32
		{2C333947-5663-4717-BB41-39804C4EDBCA}.Release|Win32.Build.0 = Release|Win32
		{19B05026-7732-4FEC-A85C-8C6BC339D761}.Debug|Win32.ActiveCfg = Release|Win32
		{19B05026-7732-4FEC-A85C-8C6BC339D761}.Debug|Win32.Build.0 = Release|Win32
		{19B05026-7732-4FEC-A85C-8C6BC339D761}.Release|Win32.ActiveCfg = Release|Win32
		{19B05026-7732-4FEC-A85C-8C6BC339D761}.Release|Win32.Build.0 = Release|Win32
		{E3CF6E9E-2DA5-4EB6-9529-95BF2761A9CC}.Debug|Win32.ActiveCfg = Release|Win32
		{E3CF6E9E-2DA5-4EB6-9529-95BF2761A9CC}.Debug|Win32.Build.0 = Release|Win32
		{E3CF6E9E-2DA5-4EB6-9529-95BF2761A9CC}.Release|Win32.ActiveCfg = Release|Win32
		{E3CF6E9E-2DA5-4EB6-9529-95BF2761A9CC}.Release|Win32.Build.0 = Release|Win32
		{683BBC0B-FE1D-4C1C-867A-C1EF384E9848}.Debug|Win32.ActiveCfg = Release|Win32
		{683BBC0B-FE1D-4C1C-867A-C1EF384E9848}.Debug|Win32.Build.0 = Release|Win32
		{683BBC0B-FE1D-4C1C-867A-C1EF384E9848}.Release|Win32.ActiveCfg = Release|Win32
		{683BBC0B-FE1D-4C1C-867A-C1EF384E9848}.Release|Win32.Build.0 = Release|Win32
		{8A319852-91A7-4339-9C03-F4D355614454}.Debug|Win32.ActiveCfg = Release|Win32
		{8A319852-91A7-4339-9C03-F4D355614454}.Release|Win32.ActiveCfg = Release|Win32
		{2E5B889E-72C7-45F8-9611-9687A706D327}.Debug|Win32.ActiveCfg = Release|Win32
		{2E5B889E-72C7-45F8-9611-9687A706D327}.Debug|Win32.Build.0 = Release|Win32
		{2E5B889E-72C7-45F8-9611-9687A706D327}.Release|Win32.ActiveCfg = Release|Win32
		{2E5B889E-72C7-45F8-9611-9687A706D327}.Release|Win32.Build.0 = Release|Win32
		{ECF3BF91-AE61-42AC-B3F2-FBCE55589B0C}.Debug|Win32.ActiveCfg = Release|Win32
		{ECF3BF91-AE61-42AC-B3F2-FBCE55589B0C}.Debug|Win32.Build.0 = Release|Win32
		{ECF3BF91-AE61-42AC-B3F2-FBCE55589B0C}.Release|Win32.ActiveCfg = Release|Win32
		{ECF3BF91-AE61-42AC-B3F2-FBCE55589B0C}.Release|Win32.Build.0 = Release|Win32
		{AAD01C98-3B8F-495F-A070-80A97A9AEAE2}.Debug|Win32.ActiveCfg = Release|Win32
		{AAD01C98-3B8F-495F-A070-80A97A9AEAE2}.Debug|Win32.Build.0 = Release|Win32
		{AAD01C98-3B8F-495F-A070-80A97A9AEAE2}.Release|Win32.ActiveCfg = Release|Win32
		{AAD01C98-3B8F-495F-A070-80A97A9AEAE2}.Release|Win32.Build.0 = Release|Win32
		{94F286EB-0016-4205-8B39-25EDB17C9E0C}.Debug|Win32.ActiveCfg = Release|Win32
		{94F286EB-0016-4205-8B39-25EDB17C9E0C}.Debug|Win32.Build.0 = Release|Win32
		{94F286EB-0016-4205-8B39-25EDB17C9E0C}.Release|Win32.ActiveCfg = Release|Win32
		{94F286EB-0016-4205-8B39-25EDB17C9E0C}.Release|Win32.Build.0 = Release|Win32
		{937982FD-CB54-40B7-9A95-638F97AC6C81}.Debug|Win32.ActiveCfg = Release|Win32
		{937982FD-CB54-40B7-9A95-638F97AC6C81}.Release|Win32.ActiveCfg = Release|Win32
		{3D404CC8-162C-46D5-8910-AB54DE545FC5}.Debug|Win32.ActiveCfg = Release|Win32
		{3D404CC8-162C-46D5-8910-AB54DE545FC5}.Debug|Win32.Build.0 = Release|Win32
		{3D404CC8-162C-46D5-8910-AB54DE545FC5}.Release|Win32.ActiveCfg = Release|Win32
		{3D404CC8-162C-46D5-8910-AB54DE545FC5}.Release|Win32.Build.0 = Release|Win32
		{514E32B7-43FA-4CC8-A87C-540F4E0AF768}.Debug|Win32.ActiveCfg = Release|Win32
		{514E32B7-43FA-4CC8-A87C-540F4E0AF768}.Debug|Win32.Build.0 = Release|Win32
		{514E32B7-43FA-4CC8-A87C-540F4E0AF768}.Release|Win32.ActiveCfg = Release|Win32
		{514E32B7-43FA-4CC8-A87C-540F4E0AF768}.Release|Win32.Build.0 = Release|Win32
	EndGlobalSection
	GlobalSection(SolutionProperties) = preSolution
		HideSolutionNode = FALSE
	EndGlobalSection
EndGlobal
